<?xml version="1.0" encoding="utf-8"?>
<Project ToolsVersion="4.0" xmlns="http://schemas.microsoft.com/developer/msbuild/2003">
  <ItemGroup>
    <Filter Include="Source Files">
      <UniqueIdentifier>{4FC737F1-C7A5-4376-A066-2A32D752A2FF}</UniqueIdentifier>
      <Extensions>cpp;c;cc;cxx;def;odl;idl;hpj;bat;asm;asmx</Extensions>
    </Filter>
    <Filter Include="Header Files">
      <UniqueIdentifier>{93995380-89BD-4b04-88EB-625FBE52EBFB}</UniqueIdentifier>
      <Extensions>h;hh;hpp;hxx;hm;inl;inc;xsd</Extensions>
    </Filter>
    <Filter Include="Form Files">
      <UniqueIdentifier>{99349809-55BA-4b9d-BF79-8FDBB0286EB3}</UniqueIdentifier>
      <Extensions>ui</Extensions>
    </Filter>
    <Filter Include="Resource Files">
      <UniqueIdentifier>{D9D6E242-F8AF-46E4-B9FD-80ECBC20BA3E}</UniqueIdentifier>
      <Extensions>qrc;*</Extensions>
      <ParseFiles>false</ParseFiles>
    </Filter>
    <Filter Include="Generated Files">
      <UniqueIdentifier>{71ED8ED8-ACB9-4CE9-BBE1-E00B30144E11}</UniqueIdentifier>
      <Extensions>moc;h;cpp</Extensions>
      <SourceControlFiles>False</SourceControlFiles>
    </Filter>
    <Filter Include="Algorithm">
      <UniqueIdentifier>{3d85c6e4-574f-4797-b766-21fba92b5422}</UniqueIdentifier>
    </Filter>
    <Filter Include="Resource Files">
      <UniqueIdentifier>{67DA6AB6-F800-4c08-8B7A-83BB121AAD01}</UniqueIdentifier>
      <Extensions>rc;ico;cur;bmp;dlg;rc2;rct;bin;rgs;gif;jpg;jpeg;jpe;resx;tiff;tif;png;wav;mfcribbon-ms</Extensions>
    </Filter>
    <Filter Include="Ui_Designer">
      <UniqueIdentifier>{5cb0b274-f95c-4167-8ef1-aca71b5e0a53}</UniqueIdentifier>
    </Filter>
    <Filter Include="Algorithm\julong_tmr">
      <UniqueIdentifier>{b0543b83-ef27-4008-8d58-9fd99bf90355}</UniqueIdentifier>
    </Filter>
  </ItemGroup>
  <ItemGroup>
    <ClCompile Include="main.cpp">
      <Filter>Source Files</Filter>
    </ClCompile>
    <ClCompile Include="SoftSimulink.cpp">
      <Filter>Source Files</Filter>
    </ClCompile>
    <ClCompile Include="Entry_Alg.cpp">
      <Filter>Source Files</Filter>
    </ClCompile>
    <ClCompile Include="my_common.cpp">
      <Filter>Source Files</Filter>
    </ClCompile>
    <ClCompile Include="Algorithm\Currency_Check_Manage.cpp">
      <Filter>Algorithm</Filter>
    </ClCompile>
    <ClCompile Include="Ui_Designer\ui_Main_Window.cpp">
      <Filter>Ui_Designer</Filter>
    </ClCompile>
    <ClCompile Include="qcustomplot.cpp">
      <Filter>Source Files</Filter>
    </ClCompile>
    <ClCompile Include="Algorithm\data_change_lib.cpp">
      <Filter>Algorithm</Filter>
    </ClCompile>
    <ClCompile Include="Algorithm\bm_lib.cpp">
      <Filter>Algorithm</Filter>
    </ClCompile>
    <ClCompile Include="Algorithm\arbitrat_lib.cpp">
      <Filter>Algorithm</Filter>
    </ClCompile>
    <ClCompile Include="Algorithm\ir_lib.cpp">
      <Filter>Algorithm</Filter>
    </ClCompile>
    <ClCompile Include="imageAlgorithm\Recognition.cpp">
      <Filter>Source Files</Filter>
    </ClCompile>
    <ClCompile Include="imageAlgorithm\FindCornerAlg\AffineUtility.cpp">
      <Filter>Source Files</Filter>
    </ClCompile>
    <ClCompile Include="imageAlgorithm\FindCornerAlg\FindCorner.cpp">
      <Filter>Source Files</Filter>
    </ClCompile>
    <ClCompile Include="Algorithm\magImg.cpp">
      <Filter>Source Files</Filter>
    </ClCompile>
    <ClCompile Include="Algorithm\magImgDebug.cpp">
      <Filter>Source Files</Filter>
    </ClCompile>
    <ClCompile Include="Algorithm\mmsm_lib.cpp">
      <Filter>Source Files</Filter>
    </ClCompile>
    <ClCompile Include="GeneratedFiles\Debug\moc_qcustomplot.cpp">
      <Filter>Source Files</Filter>
    </ClCompile>
    <ClCompile Include="GeneratedFiles\Debug\moc_SoftSimulink.cpp">
      <Filter>Source Files</Filter>
    </ClCompile>
    <ClCompile Include="Algorithm\kangyi\arbitrat_kangyi.cpp">
      <Filter>Source Files</Filter>
    </ClCompile>
    <ClCompile Include="Algorithm\kangyi\data_change_kangyi.cpp">
      <Filter>Source Files</Filter>
    </ClCompile>
    <ClCompile Include="Algorithm\kangyi\magImgConfig_kangyi.cpp">
      <Filter>Source Files</Filter>
    </ClCompile>
    <ClCompile Include="Algorithm\baijia\arbitrat_baijia.cpp">
      <Filter>Source Files</Filter>
    </ClCompile>
    <ClCompile Include="Algorithm\baijia\data_change_baijia.cpp">
      <Filter>Source Files</Filter>
    </ClCompile>
    <ClCompile Include="Algorithm\baijia\magImgConfig_baijia.cpp">
      <Filter>Source Files</Filter>
    </ClCompile>
    <ClCompile Include="Algorithm\ronghe\arbitrat_ronghe.cpp">
      <Filter>Source Files</Filter>
    </ClCompile>
    <ClCompile Include="Algorithm\ronghe\data_change_ronghe.cpp">
      <Filter>Source Files</Filter>
    </ClCompile>
    <ClCompile Include="Algorithm\ronghe\magImgConfig_ronghe.cpp">
      <Filter>Source Files</Filter>
    </ClCompile>
    <ClCompile Include="Algorithm\yuechuang\arbitrat_yuechuang.cpp">
      <Filter>Source Files</Filter>
    </ClCompile>
    <ClCompile Include="Algorithm\yuechuang\data_change_yuechuang.cpp">
      <Filter>Source Files</Filter>
    </ClCompile>
    <ClCompile Include="Algorithm\yuechuang\magImgConfig_yuechuang.cpp">
      <Filter>Source Files</Filter>
    </ClCompile>
    <ClCompile Include="Algorithm\chuanwei\arbitrat_chuanwei.cpp">
      <Filter>Source Files</Filter>
    </ClCompile>
    <ClCompile Include="Algorithm\chuanwei\data_change_chuanwei.cpp">
      <Filter>Source Files</Filter>
    </ClCompile>
    <ClCompile Include="Algorithm\chuanwei\magImgConfig_chuanwei.cpp">
      <Filter>Source Files</Filter>
    </ClCompile>
    <ClCompile Include="Algorithm\julong_tmr\arbitrat_julong_tmr.cpp">
      <Filter>Algorithm\julong_tmr</Filter>
    </ClCompile>
    <ClCompile Include="Algorithm\julong_tmr\data_change_julong_tmr.cpp">
      <Filter>Algorithm\julong_tmr</Filter>
    </ClCompile>
    <ClCompile Include="Algorithm\julong_tmr\magImgConfig_julong_tmr.cpp">
      <Filter>Source Files</Filter>
    </ClCompile>
    <ClCompile Include="Algorithm\analyze_diff_machine.cpp">
      <Filter>Source Files</Filter>
    </ClCompile>
  </ItemGroup>
  <ItemGroup>
    <CustomBuild Include="SoftSimulink.h">
      <Filter>Header Files</Filter>
    </CustomBuild>
    <CustomBuild Include="SoftSimulink.ui">
      <Filter>Form Files</Filter>
    </CustomBuild>
    <CustomBuild Include="qcustomplot.h">
      <Filter>Header Files</Filter>
    </CustomBuild>
    <CustomBuild Include="Qt_SoftSimulink.pri" />
    <CustomBuild Include="Qt_SoftSimulink.pro" />
    <CustomBuild Include="Algorithm\analyze_diff_machine.h">
      <Filter>Header Files</Filter>
    </CustomBuild>
    <CustomBuild Include="Algorithm\baijia\alg_lib.h">
      <Filter>Header Files</Filter>
    </CustomBuild>
    <CustomBuild Include="Algorithm\baijia\arbitrat.h">
      <Filter>Header Files</Filter>
    </CustomBuild>
    <CustomBuild Include="Algorithm\baijia\bm_lib.h">
      <Filter>Header Files</Filter>
    </CustomBuild>
    <CustomBuild Include="Algorithm\baijia\data_change_baijia.h">
      <Filter>Header Files</Filter>
    </CustomBuild>
    <CustomBuild Include="Algorithm\baijia\macro_cfg.h">
      <Filter>Header Files</Filter>
    </CustomBuild>
    <CustomBuild Include="Algorithm\chuanwei\alg_lib.h">
      <Filter>Header Files</Filter>
    </CustomBuild>
    <CustomBuild Include="Algorithm\chuanwei\arbitrat.h">
      <Filter>Header Files</Filter>
    </CustomBuild>
    <CustomBuild Include="Algorithm\chuanwei\bm_lib.h">
      <Filter>Header Files</Filter>
    </CustomBuild>
    <CustomBuild Include="Algorithm\chuanwei\data_change_chuanwei.h">
      <Filter>Header Files</Filter>
    </CustomBuild>
    <CustomBuild Include="Algorithm\chuanwei\macro_cfg.h">
      <Filter>Header Files</Filter>
    </CustomBuild>
    <CustomBuild Include="Algorithm\kangyi\alg_lib.h">
      <Filter>Header Files</Filter>
    </CustomBuild>
    <CustomBuild Include="Algorithm\kangyi\arbitrat.h">
      <Filter>Header Files</Filter>
    </CustomBuild>
    <CustomBuild Include="Algorithm\kangyi\bm_lib.h">
      <Filter>Header Files</Filter>
    </CustomBuild>
    <CustomBuild Include="Algorithm\kangyi\data_change_kangyi.h">
      <Filter>Header Files</Filter>
    </CustomBuild>
    <CustomBuild Include="Algorithm\kangyi\macro_cfg.h">
      <Filter>Header Files</Filter>
    </CustomBuild>
    <CustomBuild Include="Algorithm\magImg.h">
      <Filter>Header Files</Filter>
    </CustomBuild>
    <CustomBuild Include="Algorithm\magImgDebug.h">
      <Filter>Header Files</Filter>
    </CustomBuild>
    <CustomBuild Include="Algorithm\magImgType.h">
      <Filter>Header Files</Filter>
    </CustomBuild>
    <CustomBuild Include="Algorithm\mmsm_lib.h">
      <Filter>Header Files</Filter>
    </CustomBuild>
    <CustomBuild Include="Algorithm\ronghe\alg_lib.h">
      <Filter>Header Files</Filter>
    </CustomBuild>
    <CustomBuild Include="Algorithm\ronghe\arbitrat.h">
      <Filter>Header Files</Filter>
    </CustomBuild>
    <CustomBuild Include="Algorithm\ronghe\bm_lib.h">
      <Filter>Header Files</Filter>
    </CustomBuild>
    <CustomBuild Include="Algorithm\ronghe\data_change_ronghe.h">
      <Filter>Header Files</Filter>
    </CustomBuild>
    <CustomBuild Include="Algorithm\ronghe\macro_cfg.h">
      <Filter>Header Files</Filter>
    </CustomBuild>
    <CustomBuild Include="Algorithm\yuechuang\alg_lib.h">
      <Filter>Header Files</Filter>
    </CustomBuild>
    <CustomBuild Include="Algorithm\yuechuang\arbitrat.h">
      <Filter>Header Files</Filter>
    </CustomBuild>
    <CustomBuild Include="Algorithm\yuechuang\bm_lib.h">
      <Filter>Header Files</Filter>
    </CustomBuild>
    <CustomBuild Include="Algorithm\yuechuang\data_change.h">
      <Filter>Header Files</Filter>
    </CustomBuild>
    <CustomBuild Include="Algorithm\yuechuang\macro_cfg.h">
      <Filter>Header Files</Filter>
    </CustomBuild>
    <CustomBuild Include="Entry_Alg.h">
      <Filter>Header Files</Filter>
    </CustomBuild>
    <CustomBuild Include="GeneratedFiles\ui_SoftSimulink.h">
      <Filter>Header Files</Filter>
    </CustomBuild>
    <CustomBuild Include="imageAlgorithm\CurrencyType.h">
      <Filter>Header Files</Filter>
    </CustomBuild>
    <CustomBuild Include="imageAlgorithm\FindCornerAlg\FindCorner.h">
      <Filter>Header Files</Filter>
    </CustomBuild>
    <CustomBuild Include="imageAlgorithm\Recognition.h">
      <Filter>Header Files</Filter>
    </CustomBuild>
    <CustomBuild Include="my_common.h">
      <Filter>Header Files</Filter>
    </CustomBuild>
    <CustomBuild Include="Algorithm\Currency_Check_Manage.h">
      <Filter>Algorithm</Filter>
    </CustomBuild>
    <CustomBuild Include="Algorithm\ir_lib.h">
      <Filter>Algorithm</Filter>
    </CustomBuild>
    <CustomBuild Include="Algorithm\JW_type.h">
      <Filter>Algorithm</Filter>
    </CustomBuild>
    <CustomBuild Include="Algorithm\machine_type.h">
      <Filter>Algorithm</Filter>
    </CustomBuild>
    <CustomBuild Include="Algorithm\julong_tmr\alg_lib.h">
      <Filter>Algorithm\julong_tmr</Filter>
    </CustomBuild>
    <CustomBuild Include="Algorithm\julong_tmr\arbitrat.h">
      <Filter>Algorithm\julong_tmr</Filter>
    </CustomBuild>
    <CustomBuild Include="Algorithm\julong_tmr\bm_lib.h">
      <Filter>Algorithm\julong_tmr</Filter>
    </CustomBuild>
    <CustomBuild Include="Algorithm\julong_tmr\data_change.h">
      <Filter>Algorithm\julong_tmr</Filter>
    </CustomBuild>
    <CustomBuild Include="Algorithm\julong_tmr\macro_cfg.h">
      <Filter>Algorithm\julong_tmr</Filter>
    </CustomBuild>
    <CustomBuild Include="Ui_Designer\ui_Main_Window.h">
      <Filter>Ui_Designer</Filter>
    </CustomBuild>
  </ItemGroup>
  <ItemGroup>
    <ResourceCompile Include="Qt_SoftSimulink.rc">
      <Filter>Resource Files</Filter>
    </ResourceCompile>
  </ItemGroup>
</Project>