
Microsoft Visual Studio Solution File, Format Version 12.00
# Visual Studio 2013
VisualStudioVersion = 12.0.21005.1
MinimumVisualStudioVersion = 10.0.40219.1
Project("{8BC9CEB8-8B4A-11D0-8D11-00A0C91BC942}") = "Qt_SoftSimulink", "Qt_SoftSimulink.vcxproj", "{B12702AD-ABFB-343A-A199-8E24837244A3}"
EndProject
Global
	GlobalSection(SolutionConfigurationPlatforms) = preSolution
		BAIJIA|x64 = BAIJIA|x64
		CHUANWEI|x64 = CHUANWEI|x64
		Debug|x64 = Debug|x64
		JULONG_TMR|x64 = JULONG_TMR|x64
		KANGYI|x64 = KANGYI|x64
		Release|x64 = Release|x64
		RONGHE|x64 = RONGHE|x64
		YUECHUANG|x64 = YUECHUANG|x64
	EndGlobalSection
	GlobalSection(ProjectConfigurationPlatforms) = postSolution
		{B12702AD-ABFB-343A-A199-8E24837244A3}.BAIJIA|x64.ActiveCfg = BAIJIA|x64
		{B12702AD-ABFB-343A-A199-8E24837244A3}.BAIJIA|x64.Build.0 = BAIJIA|x64
		{B12702AD-ABFB-343A-A199-8E24837244A3}.CHUANWEI|x64.ActiveCfg = CHUANWEI|x64
		{B12702AD-ABFB-343A-A199-8E24837244A3}.CHUANWEI|x64.Build.0 = CHUANWEI|x64
		{B12702AD-ABFB-343A-A199-8E24837244A3}.Debug|x64.ActiveCfg = Debug|x64
		{B12702AD-ABFB-343A-A199-8E24837244A3}.Debug|x64.Build.0 = Debug|x64
		{B12702AD-ABFB-343A-A199-8E24837244A3}.Debug|x64.Deploy.0 = Debug|x64
		{B12702AD-ABFB-343A-A199-8E24837244A3}.JULONG_TMR|x64.ActiveCfg = JULONG_TMR|x64
		{B12702AD-ABFB-343A-A199-8E24837244A3}.JULONG_TMR|x64.Build.0 = JULONG_TMR|x64
		{B12702AD-ABFB-343A-A199-8E24837244A3}.KANGYI|x64.ActiveCfg = KANGYI|x64
		{B12702AD-ABFB-343A-A199-8E24837244A3}.KANGYI|x64.Build.0 = KANGYI|x64
		{B12702AD-ABFB-343A-A199-8E24837244A3}.Release|x64.ActiveCfg = Release|x64
		{B12702AD-ABFB-343A-A199-8E24837244A3}.Release|x64.Build.0 = Release|x64
		{B12702AD-ABFB-343A-A199-8E24837244A3}.Release|x64.Deploy.0 = Release|x64
		{B12702AD-ABFB-343A-A199-8E24837244A3}.RONGHE|x64.ActiveCfg = RONGHE|x64
		{B12702AD-ABFB-343A-A199-8E24837244A3}.RONGHE|x64.Build.0 = RONGHE|x64
		{B12702AD-ABFB-343A-A199-8E24837244A3}.YUECHUANG|x64.ActiveCfg = YUECHUANG|x64
		{B12702AD-ABFB-343A-A199-8E24837244A3}.YUECHUANG|x64.Build.0 = YUECHUANG|x64
	EndGlobalSection
	GlobalSection(SolutionProperties) = preSolution
		HideSolutionNode = FALSE
	EndGlobalSection
EndGlobal
